
Microsoft Visual Studio Solution File, Format Version 12.00
# Visual Studio 14
VisualStudioVersion = 14.0.25420.1
MinimumVisualStudioVersion = 10.0.40219.1
Project("{FAE04EC0-301F-11D3-BF4B-00C04F79EFBC}") = "bottomtabbedpage", "bottomtabbedpage\bottomtabbedpage\bottomtabbedpage.csproj", "{89CE2712-7345-4084-B7E4-6CA67370EF4B}"
EndProject
Project("{FAE04EC0-301F-11D3-BF4B-00C04F79EFBC}") = "bottomtabbedpage.Droid", "bottomtabbedpage\bottomtabbedpage.Droid\bottomtabbedpage.Droid.csproj", "{3F140A8B-A0C9-4ED9-8348-2B2BCBC72DFF}"
EndProject
Project("{FAE04EC0-301F-11D3-BF4B-00C04F79EFBC}") = "bottomtabbedpage.iOS", "bottomtabbedpage\bottomtabbedpage.iOS\bottomtabbedpage.iOS.csproj", "{6A7B17FB-4B9D-45C1-98A3-6E1903307602}"
EndProject
Global
	GlobalSection(SolutionConfigurationPlatforms) = preSolution
		Ad-Hoc|Any CPU = Ad-Hoc|Any CPU
		Ad-Hoc|ARM = Ad-Hoc|ARM
		Ad-Hoc|iPhone = Ad-Hoc|iPhone
		Ad-Hoc|iPhoneSimulator = Ad-Hoc|iPhoneSimulator
		Ad-Hoc|x64 = Ad-Hoc|x64
		Ad-Hoc|x86 = Ad-Hoc|x86
		AppStore|Any CPU = AppStore|Any CPU
		AppStore|ARM = AppStore|ARM
		AppStore|iPhone = AppStore|iPhone
		AppStore|iPhoneSimulator = AppStore|iPhoneSimulator
		AppStore|x64 = AppStore|x64
		AppStore|x86 = AppStore|x86
		Debug|Any CPU = Debug|Any CPU
		Debug|ARM = Debug|ARM
		Debug|iPhone = Debug|iPhone
		Debug|iPhoneSimulator = Debug|iPhoneSimulator
		Debug|x64 = Debug|x64
		Debug|x86 = Debug|x86
		Release|Any CPU = Release|Any CPU
		Release|ARM = Release|ARM
		Release|iPhone = Release|iPhone
		Release|iPhoneSimulator = Release|iPhoneSimulator
		Release|x64 = Release|x64
		Release|x86 = Release|x86
	EndGlobalSection
	GlobalSection(ProjectConfigurationPlatforms) = postSolution
		{89CE2712-7345-4084-B7E4-6CA67370EF4B}.Ad-Hoc|Any CPU.ActiveCfg = Release|Any CPU
		{89CE2712-7345-4084-B7E4-6CA67370EF4B}.Ad-Hoc|Any CPU.Build.0 = Release|Any CPU
		{89CE2712-7345-4084-B7E4-6CA67370EF4B}.Ad-Hoc|ARM.ActiveCfg = Release|Any CPU
		{89CE2712-7345-4084-B7E4-6CA67370EF4B}.Ad-Hoc|ARM.Build.0 = Release|Any CPU
		{89CE2712-7345-4084-B7E4-6CA67370EF4B}.Ad-Hoc|iPhone.ActiveCfg = Release|Any CPU
		{89CE2712-7345-4084-B7E4-6CA67370EF4B}.Ad-Hoc|iPhone.Build.0 = Release|Any CPU
		{89CE2712-7345-4084-B7E4-6CA67370EF4B}.Ad-Hoc|iPhoneSimulator.ActiveCfg = Release|Any CPU
		{89CE2712-7345-4084-B7E4-6CA67370EF4B}.Ad-Hoc|iPhoneSimulator.Build.0 = Release|Any CPU
		{89CE2712-7345-4084-B7E4-6CA67370EF4B}.Ad-Hoc|x64.ActiveCfg = Release|Any CPU
		{89CE2712-7345-4084-B7E4-6CA67370EF4B}.Ad-Hoc|x64.Build.0 = Release|Any CPU
		{89CE2712-7345-4084-B7E4-6CA67370EF4B}.Ad-Hoc|x86.ActiveCfg = Release|Any CPU
		{89CE2712-7345-4084-B7E4-6CA67370EF4B}.Ad-Hoc|x86.Build.0 = Release|Any CPU
		{89CE2712-7345-4084-B7E4-6CA67370EF4B}.AppStore|Any CPU.ActiveCfg = Release|Any CPU
		{89CE2712-7345-4084-B7E4-6CA67370EF4B}.AppStore|Any CPU.Build.0 = Release|Any CPU
		{89CE2712-7345-4084-B7E4-6CA67370EF4B}.AppStore|ARM.ActiveCfg = Release|Any CPU
		{89CE2712-7345-4084-B7E4-6CA67370EF4B}.AppStore|ARM.Build.0 = Release|Any CPU
		{89CE2712-7345-4084-B7E4-6CA67370EF4B}.AppStore|iPhone.ActiveCfg = Release|Any CPU
		{89CE2712-7345-4084-B7E4-6CA67370EF4B}.AppStore|iPhone.Build.0 = Release|Any CPU
		{89CE2712-7345-4084-B7E4-6CA67370EF4B}.AppStore|iPhoneSimulator.ActiveCfg = Release|Any CPU
		{89CE2712-7345-4084-B7E4-6CA67370EF4B}.AppStore|iPhoneSimulator.Build.0 = Release|Any CPU
		{89CE2712-7345-4084-B7E4-6CA67370EF4B}.AppStore|x64.ActiveCfg = Release|Any CPU
		{89CE2712-7345-4084-B7E4-6CA67370EF4B}.AppStore|x64.Build.0 = Release|Any CPU
		{89CE2712-7345-4084-B7E4-6CA67370EF4B}.AppStore|x86.ActiveCfg = Release|Any CPU
		{89CE2712-7345-4084-B7E4-6CA67370EF4B}.AppStore|x86.Build.0 = Release|Any CPU
		{89CE2712-7345-4084-B7E4-6CA67370EF4B}.Debug|Any CPU.ActiveCfg = Debug|Any CPU
		{89CE2712-7345-4084-B7E4-6CA67370EF4B}.Debug|Any CPU.Build.0 = Debug|Any CPU
		{89CE2712-7345-4084-B7E4-6CA67370EF4B}.Debug|ARM.ActiveCfg = Debug|Any CPU
		{89CE2712-7345-4084-B7E4-6CA67370EF4B}.Debug|ARM.Build.0 = Debug|Any CPU
		{89CE2712-7345-4084-B7E4-6CA67370EF4B}.Debug|iPhone.ActiveCfg = Debug|Any CPU
		{89CE2712-7345-4084-B7E4-6CA67370EF4B}.Debug|iPhone.Build.0 = Debug|Any CPU
		{89CE2712-7345-4084-B7E4-6CA67370EF4B}.Debug|iPhoneSimulator.ActiveCfg = Debug|Any CPU
		{89CE2712-7345-4084-B7E4-6CA67370EF4B}.Debug|iPhoneSimulator.Build.0 = Debug|Any CPU
		{89CE2712-7345-4084-B7E4-6CA67370EF4B}.Debug|x64.ActiveCfg = Debug|Any CPU
		{89CE2712-7345-4084-B7E4-6CA67370EF4B}.Debug|x64.Build.0 = Debug|Any CPU
		{89CE2712-7345-4084-B7E4-6CA67370EF4B}.Debug|x86.ActiveCfg = Debug|Any CPU
		{89CE2712-7345-4084-B7E4-6CA67370EF4B}.Debug|x86.Build.0 = Debug|Any CPU
		{89CE2712-7345-4084-B7E4-6CA67370EF4B}.Release|Any CPU.ActiveCfg = Release|Any CPU
		{89CE2712-7345-4084-B7E4-6CA67370EF4B}.Release|Any CPU.Build.0 = Release|Any CPU
		{89CE2712-7345-4084-B7E4-6CA67370EF4B}.Release|ARM.ActiveCfg = Release|Any CPU
		{89CE2712-7345-4084-B7E4-6CA67370EF4B}.Release|ARM.Build.0 = Release|Any CPU
		{89CE2712-7345-4084-B7E4-6CA67370EF4B}.Release|iPhone.ActiveCfg = Release|Any CPU
		{89CE2712-7345-4084-B7E4-6CA67370EF4B}.Release|iPhone.Build.0 = Release|Any CPU
		{89CE2712-7345-4084-B7E4-6CA67370EF4B}.Release|iPhoneSimulator.ActiveCfg = Release|Any CPU
		{89CE2712-7345-4084-B7E4-6CA67370EF4B}.Release|iPhoneSimulator.Build.0 = Release|Any CPU
		{89CE2712-7345-4084-B7E4-6CA67370EF4B}.Release|x64.ActiveCfg = Release|Any CPU
		{89CE2712-7345-4084-B7E4-6CA67370EF4B}.Release|x64.Build.0 = Release|Any CPU
		{89CE2712-7345-4084-B7E4-6CA67370EF4B}.Release|x86.ActiveCfg = Release|Any CPU
		{89CE2712-7345-4084-B7E4-6CA67370EF4B}.Release|x86.Build.0 = Release|Any CPU
		{3F140A8B-A0C9-4ED9-8348-2B2BCBC72DFF}.Ad-Hoc|Any CPU.ActiveCfg = Release|Any CPU
		{3F140A8B-A0C9-4ED9-8348-2B2BCBC72DFF}.Ad-Hoc|Any CPU.Build.0 = Release|Any CPU
		{3F140A8B-A0C9-4ED9-8348-2B2BCBC72DFF}.Ad-Hoc|Any CPU.Deploy.0 = Release|Any CPU
		{3F140A8B-A0C9-4ED9-8348-2B2BCBC72DFF}.Ad-Hoc|ARM.ActiveCfg = Release|Any CPU
		{3F140A8B-A0C9-4ED9-8348-2B2BCBC72DFF}.Ad-Hoc|ARM.Build.0 = Release|Any CPU
		{3F140A8B-A0C9-4ED9-8348-2B2BCBC72DFF}.Ad-Hoc|ARM.Deploy.0 = Release|Any CPU
		{3F140A8B-A0C9-4ED9-8348-2B2BCBC72DFF}.Ad-Hoc|iPhone.ActiveCfg = Release|Any CPU
		{3F140A8B-A0C9-4ED9-8348-2B2BCBC72DFF}.Ad-Hoc|iPhone.Build.0 = Release|Any CPU
		{3F140A8B-A0C9-4ED9-8348-2B2BCBC72DFF}.Ad-Hoc|iPhone.Deploy.0 = Release|Any CPU
		{3F140A8B-A0C9-4ED9-8348-2B2BCBC72DFF}.Ad-Hoc|iPhoneSimulator.ActiveCfg = Release|Any CPU
		{3F140A8B-A0C9-4ED9-8348-2B2BCBC72DFF}.Ad-Hoc|iPhoneSimulator.Build.0 = Release|Any CPU
		{3F140A8B-A0C9-4ED9-8348-2B2BCBC72DFF}.Ad-Hoc|iPhoneSimulator.Deploy.0 = Release|Any CPU
		{3F140A8B-A0C9-4ED9-8348-2B2BCBC72DFF}.Ad-Hoc|x64.ActiveCfg = Release|Any CPU
		{3F140A8B-A0C9-4ED9-8348-2B2BCBC72DFF}.Ad-Hoc|x64.Build.0 = Release|Any CPU
		{3F140A8B-A0C9-4ED9-8348-2B2BCBC72DFF}.Ad-Hoc|x64.Deploy.0 = Release|Any CPU
		{3F140A8B-A0C9-4ED9-8348-2B2BCBC72DFF}.Ad-Hoc|x86.ActiveCfg = Release|Any CPU
		{3F140A8B-A0C9-4ED9-8348-2B2BCBC72DFF}.Ad-Hoc|x86.Build.0 = Release|Any CPU
		{3F140A8B-A0C9-4ED9-8348-2B2BCBC72DFF}.Ad-Hoc|x86.Deploy.0 = Release|Any CPU
		{3F140A8B-A0C9-4ED9-8348-2B2BCBC72DFF}.AppStore|Any CPU.ActiveCfg = Release|Any CPU
		{3F140A8B-A0C9-4ED9-8348-2B2BCBC72DFF}.AppStore|Any CPU.Build.0 = Release|Any CPU
		{3F140A8B-A0C9-4ED9-8348-2B2BCBC72DFF}.AppStore|Any CPU.Deploy.0 = Release|Any CPU
		{3F140A8B-A0C9-4ED9-8348-2B2BCBC72DFF}.AppStore|ARM.ActiveCfg = Release|Any CPU
		{3F140A8B-A0C9-4ED9-8348-2B2BCBC72DFF}.AppStore|ARM.Build.0 = Release|Any CPU
		{3F140A8B-A0C9-4ED9-8348-2B2BCBC72DFF}.AppStore|ARM.Deploy.0 = Release|Any CPU
		{3F140A8B-A0C9-4ED9-8348-2B2BCBC72DFF}.AppStore|iPhone.ActiveCfg = Release|Any CPU
		{3F140A8B-A0C9-4ED9-8348-2B2BCBC72DFF}.AppStore|iPhone.Build.0 = Release|Any CPU
		{3F140A8B-A0C9-4ED9-8348-2B2BCBC72DFF}.AppStore|iPhone.Deploy.0 = Release|Any CPU
		{3F140A8B-A0C9-4ED9-8348-2B2BCBC72DFF}.AppStore|iPhoneSimulator.ActiveCfg = Release|Any CPU
		{3F140A8B-A0C9-4ED9-8348-2B2BCBC72DFF}.AppStore|iPhoneSimulator.Build.0 = Release|Any CPU
		{3F140A8B-A0C9-4ED9-8348-2B2BCBC72DFF}.AppStore|iPhoneSimulator.Deploy.0 = Release|Any CPU
		{3F140A8B-A0C9-4ED9-8348-2B2BCBC72DFF}.AppStore|x64.ActiveCfg = Release|Any CPU
		{3F140A8B-A0C9-4ED9-8348-2B2BCBC72DFF}.AppStore|x64.Build.0 = Release|Any CPU
		{3F140A8B-A0C9-4ED9-8348-2B2BCBC72DFF}.AppStore|x64.Deploy.0 = Release|Any CPU
		{3F140A8B-A0C9-4ED9-8348-2B2BCBC72DFF}.AppStore|x86.ActiveCfg = Release|Any CPU
		{3F140A8B-A0C9-4ED9-8348-2B2BCBC72DFF}.AppStore|x86.Build.0 = Release|Any CPU
		{3F140A8B-A0C9-4ED9-8348-2B2BCBC72DFF}.AppStore|x86.Deploy.0 = Release|Any CPU
		{3F140A8B-A0C9-4ED9-8348-2B2BCBC72DFF}.Debug|Any CPU.ActiveCfg = Debug|Any CPU
		{3F140A8B-A0C9-4ED9-8348-2B2BCBC72DFF}.Debug|Any CPU.Build.0 = Debug|Any CPU
		{3F140A8B-A0C9-4ED9-8348-2B2BCBC72DFF}.Debug|Any CPU.Deploy.0 = Debug|Any CPU
		{3F140A8B-A0C9-4ED9-8348-2B2BCBC72DFF}.Debug|ARM.ActiveCfg = Debug|Any CPU
		{3F140A8B-A0C9-4ED9-8348-2B2BCBC72DFF}.Debug|ARM.Build.0 = Debug|Any CPU
		{3F140A8B-A0C9-4ED9-8348-2B2BCBC72DFF}.Debug|ARM.Deploy.0 = Debug|Any CPU
		{3F140A8B-A0C9-4ED9-8348-2B2BCBC72DFF}.Debug|iPhone.ActiveCfg = Debug|Any CPU
		{3F140A8B-A0C9-4ED9-8348-2B2BCBC72DFF}.Debug|iPhone.Build.0 = Debug|Any CPU
		{3F140A8B-A0C9-4ED9-8348-2B2BCBC72DFF}.Debug|iPhone.Deploy.0 = Debug|Any CPU
		{3F140A8B-A0C9-4ED9-8348-2B2BCBC72DFF}.Debug|iPhoneSimulator.ActiveCfg = Debug|Any CPU
		{3F140A8B-A0C9-4ED9-8348-2B2BCBC72DFF}.Debug|iPhoneSimulator.Build.0 = Debug|Any CPU
		{3F140A8B-A0C9-4ED9-8348-2B2BCBC72DFF}.Debug|iPhoneSimulator.Deploy.0 = Debug|Any CPU
		{3F140A8B-A0C9-4ED9-8348-2B2BCBC72DFF}.Debug|x64.ActiveCfg = Debug|Any CPU
		{3F140A8B-A0C9-4ED9-8348-2B2BCBC72DFF}.Debug|x64.Build.0 = Debug|Any CPU
		{3F140A8B-A0C9-4ED9-8348-2B2BCBC72DFF}.Debug|x64.Deploy.0 = Debug|Any CPU
		{3F140A8B-A0C9-4ED9-8348-2B2BCBC72DFF}.Debug|x86.ActiveCfg = Debug|Any CPU
		{3F140A8B-A0C9-4ED9-8348-2B2BCBC72DFF}.Debug|x86.Build.0 = Debug|Any CPU
		{3F140A8B-A0C9-4ED9-8348-2B2BCBC72DFF}.Debug|x86.Deploy.0 = Debug|Any CPU
		{3F140A8B-A0C9-4ED9-8348-2B2BCBC72DFF}.Release|Any CPU.ActiveCfg = Release|Any CPU
		{3F140A8B-A0C9-4ED9-8348-2B2BCBC72DFF}.Release|Any CPU.Build.0 = Release|Any CPU
		{3F140A8B-A0C9-4ED9-8348-2B2BCBC72DFF}.Release|Any CPU.Deploy.0 = Release|Any CPU
		{3F140A8B-A0C9-4ED9-8348-2B2BCBC72DFF}.Release|ARM.ActiveCfg = Release|Any CPU
		{3F140A8B-A0C9-4ED9-8348-2B2BCBC72DFF}.Release|ARM.Build.0 = Release|Any CPU
		{3F140A8B-A0C9-4ED9-8348-2B2BCBC72DFF}.Release|ARM.Deploy.0 = Release|Any CPU
		{3F140A8B-A0C9-4ED9-8348-2B2BCBC72DFF}.Release|iPhone.ActiveCfg = Release|Any CPU
		{3F140A8B-A0C9-4ED9-8348-2B2BCBC72DFF}.Release|iPhone.Build.0 = Release|Any CPU
		{3F140A8B-A0C9-4ED9-8348-2B2BCBC72DFF}.Release|iPhone.Deploy.0 = Release|Any CPU
		{3F140A8B-A0C9-4ED9-8348-2B2BCBC72DFF}.Release|iPhoneSimulator.ActiveCfg = Release|Any CPU
		{3F140A8B-A0C9-4ED9-8348-2B2BCBC72DFF}.Release|iPhoneSimulator.Build.0 = Release|Any CPU
		{3F140A8B-A0C9-4ED9-8348-2B2BCBC72DFF}.Release|iPhoneSimulator.Deploy.0 = Release|Any CPU
		{3F140A8B-A0C9-4ED9-8348-2B2BCBC72DFF}.Release|x64.ActiveCfg = Release|Any CPU
		{3F140A8B-A0C9-4ED9-8348-2B2BCBC72DFF}.Release|x64.Build.0 = Release|Any CPU
		{3F140A8B-A0C9-4ED9-8348-2B2BCBC72DFF}.Release|x64.Deploy.0 = Release|Any CPU
		{3F140A8B-A0C9-4ED9-8348-2B2BCBC72DFF}.Release|x86.ActiveCfg = Release|Any CPU
		{3F140A8B-A0C9-4ED9-8348-2B2BCBC72DFF}.Release|x86.Build.0 = Release|Any CPU
		{3F140A8B-A0C9-4ED9-8348-2B2BCBC72DFF}.Release|x86.Deploy.0 = Release|Any CPU
		{6A7B17FB-4B9D-45C1-98A3-6E1903307602}.Ad-Hoc|Any CPU.ActiveCfg = Ad-Hoc|iPhone
		{6A7B17FB-4B9D-45C1-98A3-6E1903307602}.Ad-Hoc|ARM.ActiveCfg = Ad-Hoc|iPhone
		{6A7B17FB-4B9D-45C1-98A3-6E1903307602}.Ad-Hoc|iPhone.ActiveCfg = Ad-Hoc|iPhone
		{6A7B17FB-4B9D-45C1-98A3-6E1903307602}.Ad-Hoc|iPhone.Build.0 = Ad-Hoc|iPhone
		{6A7B17FB-4B9D-45C1-98A3-6E1903307602}.Ad-Hoc|iPhoneSimulator.ActiveCfg = Ad-Hoc|iPhoneSimulator
		{6A7B17FB-4B9D-45C1-98A3-6E1903307602}.Ad-Hoc|iPhoneSimulator.Build.0 = Ad-Hoc|iPhoneSimulator
		{6A7B17FB-4B9D-45C1-98A3-6E1903307602}.Ad-Hoc|x64.ActiveCfg = Ad-Hoc|iPhone
		{6A7B17FB-4B9D-45C1-98A3-6E1903307602}.Ad-Hoc|x86.ActiveCfg = Ad-Hoc|iPhone
		{6A7B17FB-4B9D-45C1-98A3-6E1903307602}.AppStore|Any CPU.ActiveCfg = AppStore|iPhone
		{6A7B17FB-4B9D-45C1-98A3-6E1903307602}.AppStore|ARM.ActiveCfg = AppStore|iPhone
		{6A7B17FB-4B9D-45C1-98A3-6E1903307602}.AppStore|iPhone.ActiveCfg = AppStore|iPhone
		{6A7B17FB-4B9D-45C1-98A3-6E1903307602}.AppStore|iPhone.Build.0 = AppStore|iPhone
		{6A7B17FB-4B9D-45C1-98A3-6E1903307602}.AppStore|iPhoneSimulator.ActiveCfg = AppStore|iPhoneSimulator
		{6A7B17FB-4B9D-45C1-98A3-6E1903307602}.AppStore|iPhoneSimulator.Build.0 = AppStore|iPhoneSimulator
		{6A7B17FB-4B9D-45C1-98A3-6E1903307602}.AppStore|x64.ActiveCfg = AppStore|iPhone
		{6A7B17FB-4B9D-45C1-98A3-6E1903307602}.AppStore|x86.ActiveCfg = AppStore|iPhone
		{6A7B17FB-4B9D-45C1-98A3-6E1903307602}.Debug|Any CPU.ActiveCfg = Debug|iPhone
		{6A7B17FB-4B9D-45C1-98A3-6E1903307602}.Debug|ARM.ActiveCfg = Debug|iPhone
		{6A7B17FB-4B9D-45C1-98A3-6E1903307602}.Debug|iPhone.ActiveCfg = Debug|iPhone
		{6A7B17FB-4B9D-45C1-98A3-6E1903307602}.Debug|iPhone.Build.0 = Debug|iPhone
		{6A7B17FB-4B9D-45C1-98A3-6E1903307602}.Debug|iPhoneSimulator.ActiveCfg = Debug|iPhoneSimulator
		{6A7B17FB-4B9D-45C1-98A3-6E1903307602}.Debug|iPhoneSimulator.Build.0 = Debug|iPhoneSimulator
		{6A7B17FB-4B9D-45C1-98A3-6E1903307602}.Debug|x64.ActiveCfg = Debug|iPhone
		{6A7B17FB-4B9D-45C1-98A3-6E1903307602}.Debug|x86.ActiveCfg = Debug|iPhone
		{6A7B17FB-4B9D-45C1-98A3-6E1903307602}.Release|Any CPU.ActiveCfg = Release|iPhone
		{6A7B17FB-4B9D-45C1-98A3-6E1903307602}.Release|ARM.ActiveCfg = Release|iPhone
		{6A7B17FB-4B9D-45C1-98A3-6E1903307602}.Release|iPhone.ActiveCfg = Release|iPhone
		{6A7B17FB-4B9D-45C1-98A3-6E1903307602}.Release|iPhone.Build.0 = Release|iPhone
		{6A7B17FB-4B9D-45C1-98A3-6E1903307602}.Release|iPhoneSimulator.ActiveCfg = Release|iPhoneSimulator
		{6A7B17FB-4B9D-45C1-98A3-6E1903307602}.Release|iPhoneSimulator.Build.0 = Release|iPhoneSimulator
		{6A7B17FB-4B9D-45C1-98A3-6E1903307602}.Release|x64.ActiveCfg = Release|iPhone
		{6A7B17FB-4B9D-45C1-98A3-6E1903307602}.Release|x86.ActiveCfg = Release|iPhone
	EndGlobalSection
	GlobalSection(SolutionProperties) = preSolution
		HideSolutionNode = FALSE
	EndGlobalSection
EndGlobal
